{
  "lockfileVersion": 1,
  "dependencies": {
    "svelte-hmr": {
      "version": "0.13.2",
      "resolved": "https://registry.npmjs.org/svelte-hmr/-/svelte-hmr-0.13.2.tgz",
      "integrity": "sha512-abXnVyhjxrTuKKuHVLsNk8bkbk3cmbkBzfVbVDI1PeBBB/PlfzRpYwTGHGznXNRvlDAHab9GxPpAGoUFJLXBVg=="
    }
  }
}
