{
  "lockfileVersion": 1,
  "dependencies": {
    "svelte-hmr": {
      "version": "0.8.0",
      "resolved": "https://registry.npmjs.org/svelte-hmr/-/svelte-hmr-0.8.0.tgz",
      "integrity": "sha512-2CIgd1q2ANQhKzboWHQEZqNX+2kSun12Z8WTy/REOY4ymekWm9C9tsHKdE8uxp2snVYC64RXI6iNgtqpWtSfXg=="
    }
  }
}
